
Microsoft Visual Studio Solution File, Format Version 12.00
# Visual Studio 15
VisualStudioVersion = 15.0.28307.572
MinimumVisualStudioVersion = 10.0.40219.1
Project("{8BC9CEB8-8B4A-11D0-8D11-00A0C91BC942}") = "LockTools", "src\LockTools\LockTools.vcxproj", "{67D88A0B-5CD2-4F85-9A15-2E406B87B1EA}"
EndProject
Project("{FAE04EC0-301F-11D3-BF4B-00C04F79EFBC}") = "ConsoleApp", "src\ConsoleApp\ConsoleApp.csproj", "{46F435F3-66D3-4E9E-AB6E-0A62A7BDD73E}"
EndProject
Global
	GlobalSection(SolutionConfigurationPlatforms) = preSolution
		Debug|Any CPU = Debug|Any CPU
		Debug|x64 = Debug|x64
		Debug|x86 = Debug|x86
		Release|Any CPU = Release|Any CPU
		Release|x64 = Release|x64
		Release|x86 = Release|x86
	EndGlobalSection
	GlobalSection(ProjectConfigurationPlatforms) = postSolution
		{67D88A0B-5CD2-4F85-9A15-2E406B87B1EA}.Debug|Any CPU.ActiveCfg = Debug|Win32
		{67D88A0B-5CD2-4F85-9A15-2E406B87B1EA}.Debug|x64.ActiveCfg = Debug|x64
		{67D88A0B-5CD2-4F85-9A15-2E406B87B1EA}.Debug|x64.Build.0 = Debug|x64
		{67D88A0B-5CD2-4F85-9A15-2E406B87B1EA}.Debug|x86.ActiveCfg = Debug|Win32
		{67D88A0B-5CD2-4F85-9A15-2E406B87B1EA}.Debug|x86.Build.0 = Debug|Win32
		{67D88A0B-5CD2-4F85-9A15-2E406B87B1EA}.Release|Any CPU.ActiveCfg = Release|Win32
		{67D88A0B-5CD2-4F85-9A15-2E406B87B1EA}.Release|x64.ActiveCfg = Release|x64
		{67D88A0B-5CD2-4F85-9A15-2E406B87B1EA}.Release|x64.Build.0 = Release|x64
		{67D88A0B-5CD2-4F85-9A15-2E406B87B1EA}.Release|x86.ActiveCfg = Release|Win32
		{67D88A0B-5CD2-4F85-9A15-2E406B87B1EA}.Release|x86.Build.0 = Release|Win32
		{46F435F3-66D3-4E9E-AB6E-0A62A7BDD73E}.Debug|Any CPU.ActiveCfg = Debug|Any CPU
		{46F435F3-66D3-4E9E-AB6E-0A62A7BDD73E}.Debug|Any CPU.Build.0 = Debug|Any CPU
		{46F435F3-66D3-4E9E-AB6E-0A62A7BDD73E}.Debug|x64.ActiveCfg = Debug|Any CPU
		{46F435F3-66D3-4E9E-AB6E-0A62A7BDD73E}.Debug|x64.Build.0 = Debug|Any CPU
		{46F435F3-66D3-4E9E-AB6E-0A62A7BDD73E}.Debug|x86.ActiveCfg = Debug|Any CPU
		{46F435F3-66D3-4E9E-AB6E-0A62A7BDD73E}.Debug|x86.Build.0 = Debug|Any CPU
		{46F435F3-66D3-4E9E-AB6E-0A62A7BDD73E}.Release|Any CPU.ActiveCfg = Release|Any CPU
		{46F435F3-66D3-4E9E-AB6E-0A62A7BDD73E}.Release|Any CPU.Build.0 = Release|Any CPU
		{46F435F3-66D3-4E9E-AB6E-0A62A7BDD73E}.Release|x64.ActiveCfg = Release|Any CPU
		{46F435F3-66D3-4E9E-AB6E-0A62A7BDD73E}.Release|x64.Build.0 = Release|Any CPU
		{46F435F3-66D3-4E9E-AB6E-0A62A7BDD73E}.Release|x86.ActiveCfg = Release|Any CPU
		{46F435F3-66D3-4E9E-AB6E-0A62A7BDD73E}.Release|x86.Build.0 = Release|Any CPU
	EndGlobalSection
	GlobalSection(SolutionProperties) = preSolution
		HideSolutionNode = FALSE
	EndGlobalSection
	GlobalSection(ExtensibilityGlobals) = postSolution
		SolutionGuid = {332D5A72-4BFD-425B-968E-A1EC39981872}
	EndGlobalSection
EndGlobal
